<?xml version="1.0" encoding="utf-8"?>
<Project ToolsVersion="4.0" xmlns="http://schemas.microsoft.com/developer/msbuild/2003">
  <ItemGroup>
    <ClInclude Include="PreCompile.h">
      <Filter>PCH</Filter>
    </ClInclude>
    <ClInclude Include="Actor.h">
      <Filter>Object</Filter>
    </ClInclude>
    <ClInclude Include="EngineAPICore.h">
      <Filter>Core</Filter>
    </ClInclude>
    <ClInclude Include="Level.h">
      <Filter>Object\Level</Filter>
    </ClInclude>
    <ClInclude Include="GameMode.h">
      <Filter>Object\Actor</Filter>
    </ClInclude>
    <ClInclude Include="ImageManager.h">
      <Filter>Resources</Filter>
    </ClInclude>
    <ClInclude Include="EngineSprite.h">
      <Filter>Resources</Filter>
    </ClInclude>
  </ItemGroup>
  <ItemGroup>
    <ClCompile Include="PreCompile.cpp">
      <Filter>PCH</Filter>
    </ClCompile>
    <ClCompile Include="Actor.cpp">
      <Filter>Object</Filter>
    </ClCompile>
    <ClCompile Include="EngineAPICore.cpp">
      <Filter>Core</Filter>
    </ClCompile>
    <ClCompile Include="Level.cpp">
      <Filter>Object\Level</Filter>
    </ClCompile>
    <ClCompile Include="GameMode.cpp">
      <Filter>Object\Actor</Filter>
    </ClCompile>
    <ClCompile Include="ImageManager.cpp">
      <Filter>Resources</Filter>
    </ClCompile>
    <ClCompile Include="EngineSprite.cpp">
      <Filter>Resources</Filter>
    </ClCompile>
  </ItemGroup>
  <ItemGroup>
    <Filter Include="PCH">
      <UniqueIdentifier>{ebd7bdf4-2e07-43a0-a532-ca57c0ae178a}</UniqueIdentifier>
    </Filter>
    <Filter Include="Core">
      <UniqueIdentifier>{bebdc23f-910f-491a-8151-273b50260e44}</UniqueIdentifier>
    </Filter>
    <Filter Include="Object">
      <UniqueIdentifier>{6eea677c-75ff-4b91-a048-d8102bceedbb}</UniqueIdentifier>
    </Filter>
    <Filter Include="Object\Level">
      <UniqueIdentifier>{2691de27-c31a-4e09-9ae2-428f541fdfc9}</UniqueIdentifier>
    </Filter>
    <Filter Include="Object\Actor">
      <UniqueIdentifier>{705d56b2-fa45-474c-8a45-46f9553b0417}</UniqueIdentifier>
    </Filter>
    <Filter Include="Resources">
      <UniqueIdentifier>{e9b31773-e7a0-4ec4-9a47-6efeac9ef270}</UniqueIdentifier>
    </Filter>
  </ItemGroup>
</Project>