<?xml version="1.0" encoding="utf-8"?>
<Project ToolsVersion="4.0" xmlns="http://schemas.microsoft.com/developer/msbuild/2003">
  <ItemGroup>
    <ClInclude Include="PreCompile.h">
      <Filter>PCH</Filter>
    </ClInclude>
    <ClInclude Include="ZeldaContentsCore.h">
      <Filter>Core</Filter>
    </ClInclude>
    <ClInclude Include="PlayerCharacter.h">
      <Filter>ContentsObject\Global</Filter>
    </ClInclude>
    <ClInclude Include="ContentsEnum.h">
      <Filter>Global</Filter>
    </ClInclude>
    <ClInclude Include="TitleLogo.h">
      <Filter>ContentsObject\Title</Filter>
    </ClInclude>
    <ClInclude Include="TitleGameMode.h">
      <Filter>ContentsObject\GameMode</Filter>
    </ClInclude>
    <ClInclude Include="RoomManageMode.h">
      <Filter>ContentsObject\GameMode</Filter>
    </ClInclude>
    <ClInclude Include="Room.h">
      <Filter>ContentsObject\Room</Filter>
    </ClInclude>
    <ClInclude Include="UserInterface.h">
      <Filter>ContentsObject\UI</Filter>
    </ClInclude>
    <ClInclude Include="RoomMove.h">
      <Filter>ContentsObject\Room</Filter>
    </ClInclude>
    <ClInclude Include="DungeonGameMode.h">
      <Filter>ContentsObject\GameMode</Filter>
    </ClInclude>
    <ClInclude Include="Text.h">
      <Filter>ContentsObject\UI</Filter>
    </ClInclude>
  </ItemGroup>
  <ItemGroup>
    <ClCompile Include="PreCompile.cpp">
      <Filter>PCH</Filter>
    </ClCompile>
    <ClCompile Include="ZeldaContentsCore.cpp">
      <Filter>Core</Filter>
    </ClCompile>
    <ClCompile Include="PlayerCharacter.cpp">
      <Filter>ContentsObject\Global</Filter>
    </ClCompile>
    <ClCompile Include="ContentsEnum.cpp">
      <Filter>Global</Filter>
    </ClCompile>
    <ClCompile Include="TitleLogo.cpp">
      <Filter>ContentsObject\Title</Filter>
    </ClCompile>
    <ClCompile Include="TitleGameMode.cpp">
      <Filter>ContentsObject\GameMode</Filter>
    </ClCompile>
    <ClCompile Include="RoomManageMode.cpp">
      <Filter>ContentsObject\GameMode</Filter>
    </ClCompile>
    <ClCompile Include="Room.cpp">
      <Filter>ContentsObject\Room</Filter>
    </ClCompile>
    <ClCompile Include="UserInterface.cpp">
      <Filter>ContentsObject\UI</Filter>
    </ClCompile>
    <ClCompile Include="RoomMove.cpp">
      <Filter>ContentsObject\Room</Filter>
    </ClCompile>
    <ClCompile Include="DungeonGameMode.cpp">
      <Filter>ContentsObject\GameMode</Filter>
    </ClCompile>
    <ClCompile Include="Text.cpp">
      <Filter>ContentsObject\UI</Filter>
    </ClCompile>
  </ItemGroup>
  <ItemGroup>
    <Filter Include="PCH">
      <UniqueIdentifier>{543d54fc-0611-47a0-a1eb-06ddcf671e7e}</UniqueIdentifier>
    </Filter>
    <Filter Include="Core">
      <UniqueIdentifier>{49a813a7-0ed6-4cf5-a980-34dc816be368}</UniqueIdentifier>
    </Filter>
    <Filter Include="ContentsObject">
      <UniqueIdentifier>{8bd85479-a95b-4b02-8c62-4bcc6bb531dc}</UniqueIdentifier>
    </Filter>
    <Filter Include="ContentsObject\GameMode">
      <UniqueIdentifier>{1de941c8-03bd-4f01-b4e1-a182ed377bf9}</UniqueIdentifier>
    </Filter>
    <Filter Include="ContentsObject\Global">
      <UniqueIdentifier>{8f4392f1-396e-4b8b-be29-b550be7e9d78}</UniqueIdentifier>
    </Filter>
    <Filter Include="Global">
      <UniqueIdentifier>{da15f387-2619-4319-85c2-199836679ba5}</UniqueIdentifier>
    </Filter>
    <Filter Include="ContentsObject\Title">
      <UniqueIdentifier>{02b43c37-a9ef-4afe-869e-6006edb40ca1}</UniqueIdentifier>
    </Filter>
    <Filter Include="ContentsObject\UI">
      <UniqueIdentifier>{7b142bbd-5f66-46ec-82e3-46c48ce28f39}</UniqueIdentifier>
    </Filter>
    <Filter Include="ContentsObject\Room">
      <UniqueIdentifier>{12c26f1d-7b52-42b2-9dad-ce0bc259929e}</UniqueIdentifier>
    </Filter>
    <Filter Include="ContentsObject\Dungeon">
      <UniqueIdentifier>{b27407eb-4fbb-48cc-b1a3-7fb18dcbe130}</UniqueIdentifier>
    </Filter>
  </ItemGroup>
</Project>