<?xml version="1.0" encoding="utf-8"?>
<Project ToolsVersion="4.0" xmlns="http://schemas.microsoft.com/developer/msbuild/2003">
  <ItemGroup>
    <Filter Include="Debug">
      <UniqueIdentifier>{425971c5-3f86-4d35-ac95-cdd52e37fc60}</UniqueIdentifier>
    </Filter>
    <Filter Include="IO">
      <UniqueIdentifier>{785ced66-21dc-4985-ac92-3f275ccfd5cd}</UniqueIdentifier>
    </Filter>
    <Filter Include="Math">
      <UniqueIdentifier>{c334bbd1-f646-4f04-a21d-89c85e831d62}</UniqueIdentifier>
    </Filter>
    <Filter Include="PCH">
      <UniqueIdentifier>{f095f36b-2433-4eaf-9acb-1783a110d0df}</UniqueIdentifier>
    </Filter>
    <Filter Include="Function">
      <UniqueIdentifier>{7d81ebdb-9689-4873-8f1c-6ff15d553a62}</UniqueIdentifier>
    </Filter>
    <Filter Include="Time">
      <UniqueIdentifier>{d04a7d8e-3555-4eb1-a8c1-2f34f8cc8347}</UniqueIdentifier>
    </Filter>
  </ItemGroup>
  <ItemGroup>
    <ClCompile Include="EngineDebug.cpp">
      <Filter>Debug</Filter>
    </ClCompile>
    <ClCompile Include="EngineFile.cpp">
      <Filter>IO</Filter>
    </ClCompile>
    <ClCompile Include="EngineMath.cpp">
      <Filter>Math</Filter>
    </ClCompile>
    <ClCompile Include="PreCompile.cpp">
      <Filter>PCH</Filter>
    </ClCompile>
    <ClCompile Include="EngineDelegate.cpp">
      <Filter>Function</Filter>
    </ClCompile>
    <ClCompile Include="EngineTimer.cpp">
      <Filter>Time</Filter>
    </ClCompile>
    <ClCompile Include="EngineDirectory.cpp">
      <Filter>IO</Filter>
    </ClCompile>
    <ClCompile Include="EnginePath.cpp">
      <Filter>IO</Filter>
    </ClCompile>
  </ItemGroup>
  <ItemGroup>
    <ClInclude Include="EngineDebug.h">
      <Filter>Debug</Filter>
    </ClInclude>
    <ClInclude Include="EngineFile.h">
      <Filter>IO</Filter>
    </ClInclude>
    <ClInclude Include="EngineMath.h">
      <Filter>Math</Filter>
    </ClInclude>
    <ClInclude Include="PreCompile.h">
      <Filter>PCH</Filter>
    </ClInclude>
    <ClInclude Include="EngineDelegate.h">
      <Filter>Function</Filter>
    </ClInclude>
    <ClInclude Include="EngineTimer.h">
      <Filter>Time</Filter>
    </ClInclude>
    <ClInclude Include="EngineDirectory.h">
      <Filter>IO</Filter>
    </ClInclude>
    <ClInclude Include="EnginePath.h">
      <Filter>IO</Filter>
    </ClInclude>
  </ItemGroup>
</Project>