<?xml version="1.0" encoding="utf-8"?>
<Project ToolsVersion="4.0" xmlns="http://schemas.microsoft.com/developer/msbuild/2003">
  <ItemGroup>
    <ClInclude Include="PlayerCharacter.h">
      <Filter>0_PlayerCharacter</Filter>
    </ClInclude>
    <ClInclude Include="TitleGameMode.h">
      <Filter>1_GameMode\0_Title</Filter>
    </ClInclude>
    <ClInclude Include="TitleLogo.h">
      <Filter>1_GameMode\0_Title\Actor</Filter>
    </ClInclude>
    <ClInclude Include="DungeonGameMode.h">
      <Filter>1_GameMode\2_CastleDungeon</Filter>
    </ClInclude>
    <ClInclude Include="ZeldaGameMode.h">
      <Filter>1_GameMode</Filter>
    </ClInclude>
    <ClInclude Include="ZeldaCore.h">
      <Filter>Core</Filter>
    </ClInclude>
    <ClInclude Include="UserInterface.h">
      <Filter>3_UI</Filter>
    </ClInclude>
    <ClInclude Include="Text.h">
      <Filter>3_UI</Filter>
    </ClInclude>
    <ClInclude Include="ContentsEnum.h">
      <Filter>4_Util</Filter>
    </ClInclude>
    <ClInclude Include="PreCompile.h">
      <Filter>4_Util</Filter>
    </ClInclude>
    <ClInclude Include="RoomMove.h">
      <Filter>4_Util</Filter>
    </ClInclude>
    <ClInclude Include="Room.h">
      <Filter>2_Data\3_Room</Filter>
    </ClInclude>
    <ClInclude Include="Effect.h">
      <Filter>2_Data\2_Effect</Filter>
    </ClInclude>
    <ClInclude Include="EffectEnemyDeath.h">
      <Filter>2_Data\2_Effect</Filter>
    </ClInclude>
    <ClInclude Include="Fade.h">
      <Filter>4_Util</Filter>
    </ClInclude>
    <ClInclude Include="BaseCharacter.h">
      <Filter>2_Data\0_Object</Filter>
    </ClInclude>
    <ClInclude Include="BossGameMode.h">
      <Filter>1_GameMode\3_Boss</Filter>
    </ClInclude>
    <ClInclude Include="HylianKnights.h">
      <Filter>2_Data\1_Enemy\Basic\HyruleCastle</Filter>
    </ClInclude>
    <ClInclude Include="ArmosKnight.h">
      <Filter>2_Data\1_Enemy\Boss\HyruleCastle</Filter>
    </ClInclude>
    <ClInclude Include="ArmosKngiht_Control.h">
      <Filter>2_Data\1_Enemy\Boss\HyruleCastle</Filter>
    </ClInclude>
    <ClInclude Include="BossCharacter.h">
      <Filter>2_Data\1_Enemy\Boss</Filter>
    </ClInclude>
    <ClInclude Include="EnemyCharacter.h">
      <Filter>2_Data\1_Enemy\Basic</Filter>
    </ClInclude>
    <ClInclude Include="HyruleCastleGameMode.h">
      <Filter>1_GameMode\1_HyruleCastle</Filter>
    </ClInclude>
    <ClInclude Include="LevelMove.h">
      <Filter>4_Util</Filter>
    </ClInclude>
    <ClInclude Include="Statue.h">
      <Filter>2_Data\4_Environment</Filter>
    </ClInclude>
    <ClInclude Include="StatueFire.h">
      <Filter>2_Data\4_Environment</Filter>
    </ClInclude>
    <ClInclude Include="StatueStone.h">
      <Filter>2_Data\4_Environment</Filter>
    </ClInclude>
    <ClInclude Include="CastleKnight.h">
      <Filter>2_Data\1_Enemy\Basic\HyruleCastle</Filter>
    </ClInclude>
    <ClInclude Include="EnemyKnight.h">
      <Filter>2_Data\1_Enemy\Basic\HyruleCastle</Filter>
    </ClInclude>
  </ItemGroup>
  <ItemGroup>
    <ClCompile Include="PlayerCharacter.cpp">
      <Filter>0_PlayerCharacter</Filter>
    </ClCompile>
    <ClCompile Include="TitleGameMode.cpp">
      <Filter>1_GameMode\0_Title</Filter>
    </ClCompile>
    <ClCompile Include="TitleLogo.cpp">
      <Filter>1_GameMode\0_Title\Actor</Filter>
    </ClCompile>
    <ClCompile Include="DungeonGameMode.cpp">
      <Filter>1_GameMode\2_CastleDungeon</Filter>
    </ClCompile>
    <ClCompile Include="ZeldaGameMode.cpp">
      <Filter>1_GameMode</Filter>
    </ClCompile>
    <ClCompile Include="ZeldaCore.cpp">
      <Filter>Core</Filter>
    </ClCompile>
    <ClCompile Include="Text.cpp">
      <Filter>3_UI</Filter>
    </ClCompile>
    <ClCompile Include="UserInterface.cpp">
      <Filter>3_UI</Filter>
    </ClCompile>
    <ClCompile Include="ContentsEnum.cpp">
      <Filter>4_Util</Filter>
    </ClCompile>
    <ClCompile Include="PreCompile.cpp">
      <Filter>4_Util</Filter>
    </ClCompile>
    <ClCompile Include="RoomMove.cpp">
      <Filter>4_Util</Filter>
    </ClCompile>
    <ClCompile Include="Room.cpp">
      <Filter>2_Data\3_Room</Filter>
    </ClCompile>
    <ClCompile Include="PlayerCharacter_1.StateMachine.cpp">
      <Filter>0_PlayerCharacter</Filter>
    </ClCompile>
    <ClCompile Include="Effect.cpp">
      <Filter>2_Data\2_Effect</Filter>
    </ClCompile>
    <ClCompile Include="EffectEnemyDeath.cpp">
      <Filter>2_Data\2_Effect</Filter>
    </ClCompile>
    <ClCompile Include="Fade.cpp">
      <Filter>4_Util</Filter>
    </ClCompile>
    <ClCompile Include="PlayerCharacter_2.Util.cpp">
      <Filter>0_PlayerCharacter</Filter>
    </ClCompile>
    <ClCompile Include="BaseCharacter.cpp">
      <Filter>2_Data\0_Object</Filter>
    </ClCompile>
    <ClCompile Include="BossGameMode.cpp">
      <Filter>1_GameMode\3_Boss</Filter>
    </ClCompile>
    <ClCompile Include="HylianKnights.cpp">
      <Filter>2_Data\1_Enemy\Basic\HyruleCastle</Filter>
    </ClCompile>
    <ClCompile Include="ArmosKnight.cpp">
      <Filter>2_Data\1_Enemy\Boss\HyruleCastle</Filter>
    </ClCompile>
    <ClCompile Include="ArmosKngiht_Control.cpp">
      <Filter>2_Data\1_Enemy\Boss\HyruleCastle</Filter>
    </ClCompile>
    <ClCompile Include="BossCharacter.cpp">
      <Filter>2_Data\1_Enemy\Boss</Filter>
    </ClCompile>
    <ClCompile Include="EnemyCharacter.cpp">
      <Filter>2_Data\1_Enemy\Basic</Filter>
    </ClCompile>
    <ClCompile Include="ArmosKnight_1.StateMachine.cpp">
      <Filter>2_Data\1_Enemy\Boss\HyruleCastle</Filter>
    </ClCompile>
    <ClCompile Include="ArmosKnight_2.Util.cpp">
      <Filter>2_Data\1_Enemy\Boss\HyruleCastle</Filter>
    </ClCompile>
    <ClCompile Include="ArmosKnight_3.Debug.cpp">
      <Filter>2_Data\1_Enemy\Boss\HyruleCastle</Filter>
    </ClCompile>
    <ClCompile Include="HyruleCastleGameMode.cpp">
      <Filter>1_GameMode\1_HyruleCastle</Filter>
    </ClCompile>
    <ClCompile Include="LevelMove.cpp">
      <Filter>4_Util</Filter>
    </ClCompile>
    <ClCompile Include="Statue.cpp">
      <Filter>2_Data\4_Environment</Filter>
    </ClCompile>
    <ClCompile Include="StatueFire.cpp">
      <Filter>2_Data\4_Environment</Filter>
    </ClCompile>
    <ClCompile Include="StatueStone.cpp">
      <Filter>2_Data\4_Environment</Filter>
    </ClCompile>
    <ClCompile Include="CastleKnight.cpp">
      <Filter>2_Data\1_Enemy\Basic\HyruleCastle</Filter>
    </ClCompile>
    <ClCompile Include="EnemyKnight.cpp">
      <Filter>2_Data\1_Enemy\Basic\HyruleCastle</Filter>
    </ClCompile>
    <ClCompile Include="EnemyKnight_1.StateMachine.cpp">
      <Filter>2_Data\1_Enemy\Basic\HyruleCastle</Filter>
    </ClCompile>
    <ClCompile Include="EnemyKnight_2.Animation.cpp">
      <Filter>2_Data\1_Enemy\Basic\HyruleCastle</Filter>
    </ClCompile>
    <ClCompile Include="EnemyKnight_3.Debug.cpp">
      <Filter>2_Data\1_Enemy\Basic\HyruleCastle</Filter>
    </ClCompile>
    <ClCompile Include="PlayerCharacter_3.Debug.cpp">
      <Filter>0_PlayerCharacter</Filter>
    </ClCompile>
  </ItemGroup>
  <ItemGroup>
    <Filter Include="0_PlayerCharacter">
      <UniqueIdentifier>{52f9ad51-57de-47f3-a004-502d6249eeaf}</UniqueIdentifier>
    </Filter>
    <Filter Include="1_GameMode">
      <UniqueIdentifier>{606cc5fd-8d3c-4a88-a913-0af6e09697f2}</UniqueIdentifier>
    </Filter>
    <Filter Include="1_GameMode\0_Title">
      <UniqueIdentifier>{53746ae9-6613-472c-b0e2-570371b0fb90}</UniqueIdentifier>
    </Filter>
    <Filter Include="1_GameMode\0_Title\Actor">
      <UniqueIdentifier>{9df9e80e-f979-4bfc-96fe-bc3dd34dd548}</UniqueIdentifier>
    </Filter>
    <Filter Include="Core">
      <UniqueIdentifier>{4f50dd17-7d7d-4ed0-b148-a0be88316692}</UniqueIdentifier>
    </Filter>
    <Filter Include="2_Data">
      <UniqueIdentifier>{cc93c005-227f-4498-8f19-080a0125ff90}</UniqueIdentifier>
    </Filter>
    <Filter Include="3_UI">
      <UniqueIdentifier>{4ab86a67-4101-4c64-b1c1-4f990d1f38f1}</UniqueIdentifier>
    </Filter>
    <Filter Include="4_Util">
      <UniqueIdentifier>{7da3a844-87c8-4e0e-9790-0edeff16ca5d}</UniqueIdentifier>
    </Filter>
    <Filter Include="2_Data\0_Object">
      <UniqueIdentifier>{14b84e37-acb8-40f5-8b4b-9ade5a79e503}</UniqueIdentifier>
    </Filter>
    <Filter Include="2_Data\1_Enemy">
      <UniqueIdentifier>{81acc3ac-1612-4237-9e7a-32b77baf0c86}</UniqueIdentifier>
    </Filter>
    <Filter Include="2_Data\2_Effect">
      <UniqueIdentifier>{c447c80b-86a9-485a-b498-5f1c6112b233}</UniqueIdentifier>
    </Filter>
    <Filter Include="2_Data\3_Room">
      <UniqueIdentifier>{6f4636bb-8c0c-4ba6-8648-b6dfa9839376}</UniqueIdentifier>
    </Filter>
    <Filter Include="2_Data\1_Enemy\Boss">
      <UniqueIdentifier>{f3c5ff46-6223-4d01-94a3-e8abfecbd59f}</UniqueIdentifier>
    </Filter>
    <Filter Include="2_Data\1_Enemy\Boss\HyruleCastle">
      <UniqueIdentifier>{fcd8d2f6-06b1-42e7-ae70-8dd68258da68}</UniqueIdentifier>
    </Filter>
    <Filter Include="2_Data\1_Enemy\Basic">
      <UniqueIdentifier>{b8605d6f-b149-4f6a-a628-50b70ccf9811}</UniqueIdentifier>
    </Filter>
    <Filter Include="2_Data\1_Enemy\Basic\HyruleCastle">
      <UniqueIdentifier>{ecad5478-fd92-4eb1-ba17-373459691ac6}</UniqueIdentifier>
    </Filter>
    <Filter Include="1_GameMode\3_Boss">
      <UniqueIdentifier>{96731bec-8f9e-4012-9a9f-2e49f997198c}</UniqueIdentifier>
    </Filter>
    <Filter Include="1_GameMode\2_CastleDungeon">
      <UniqueIdentifier>{4ad1b176-08dc-45f5-ae5a-28534a3c78cf}</UniqueIdentifier>
    </Filter>
    <Filter Include="1_GameMode\1_HyruleCastle">
      <UniqueIdentifier>{09f8b467-3077-4148-a5e6-6153318e74d3}</UniqueIdentifier>
    </Filter>
    <Filter Include="2_Data\4_Environment">
      <UniqueIdentifier>{f74ede32-9f86-46ba-8e8c-84602ba8571b}</UniqueIdentifier>
    </Filter>
  </ItemGroup>
</Project>